// !$*UTF8*$!
{
	archiveVersion = 1;
	classes = {
	};
	objectVersion = 56;
	objects = {

/* Begin PBXBuildFile section */
		C7B725F02B9EED6900437C73 /* ImageRepositorySuccessMock.swift in Sources */ = {isa = PBXBuildFile; fileRef = C7B725EF2B9EED6900437C73 /* ImageRepositorySuccessMock.swift */; };
		C7E3692A2B8B233F00EABE27 /* GenresRepository.swift in Sources */ = {isa = PBXBuildFile; fileRef = C7E369292B8B233F00EABE27 /* GenresRepository.swift */; };
		C7E3692D2B8B23F800EABE27 /* GenresDecodable.swift in Sources */ = {isa = PBXBuildFile; fileRef = C7E3692C2B8B23F800EABE27 /* GenresDecodable.swift */; };
		C7E369302B8B264200EABE27 /* GenresEndpoint.swift in Sources */ = {isa = PBXBuildFile; fileRef = C7E3692F2B8B264200EABE27 /* GenresEndpoint.swift */; };
		C7E369342B8B30D900EABE27 /* Logger.swift in Sources */ = {isa = PBXBuildFile; fileRef = C7E369332B8B30D900EABE27 /* Logger.swift */; };
		C7E369362B8B34CC00EABE27 /* DateFormatter+Extension.swift in Sources */ = {isa = PBXBuildFile; fileRef = C7E369352B8B34CC00EABE27 /* DateFormatter+Extension.swift */; };
		C7E369392B8BF3A000EABE27 /* ImageRepository.swift in Sources */ = {isa = PBXBuildFile; fileRef = C7E369382B8BF3A000EABE27 /* ImageRepository.swift */; };
		C7E3693F2B8C618400EABE27 /* HomeUseCase.swift in Sources */ = {isa = PBXBuildFile; fileRef = C7E3693E2B8C618400EABE27 /* HomeUseCase.swift */; };
		C7E369422B8C633200EABE27 /* HomeEntity.swift in Sources */ = {isa = PBXBuildFile; fileRef = C7E369412B8C633200EABE27 /* HomeEntity.swift */; };
		C7E369482B94CD6400EABE27 /* Config.plist in Resources */ = {isa = PBXBuildFile; fileRef = C7E369472B94CD6400EABE27 /* Config.plist */; };
		C7E3694D2B94F06C00EABE27 /* NowPlayingMoviesMock.swift in Sources */ = {isa = PBXBuildFile; fileRef = C7E3694C2B94F06C00EABE27 /* NowPlayingMoviesMock.swift */; };
		C7E3694F2B94F2E900EABE27 /* PopularMoviesMock.swift in Sources */ = {isa = PBXBuildFile; fileRef = C7E3694E2B94F2E900EABE27 /* PopularMoviesMock.swift */; };
		C7E369512B94F30000EABE27 /* TopRatedMoviesMock.swift in Sources */ = {isa = PBXBuildFile; fileRef = C7E369502B94F30000EABE27 /* TopRatedMoviesMock.swift */; };
		C7E369532B94F31600EABE27 /* UpcomingMoviesMock.swift in Sources */ = {isa = PBXBuildFile; fileRef = C7E369522B94F31600EABE27 /* UpcomingMoviesMock.swift */; };
		C7E369562B94F46C00EABE27 /* LatestMoviesMock.swift in Sources */ = {isa = PBXBuildFile; fileRef = C7E369552B94F46C00EABE27 /* LatestMoviesMock.swift */; };
		C7E369582B9848E900EABE27 /* GenresMock.swift in Sources */ = {isa = PBXBuildFile; fileRef = C7E369572B9848E900EABE27 /* GenresMock.swift */; };
		C7E369612B984BD900EABE27 /* MoviesRepositorySuccessMock.swift in Sources */ = {isa = PBXBuildFile; fileRef = C7E369602B984BD900EABE27 /* MoviesRepositorySuccessMock.swift */; };
		C7E369642B984C3500EABE27 /* HomeUseCaseSuccessMock.swift in Sources */ = {isa = PBXBuildFile; fileRef = C7E369632B984C3500EABE27 /* HomeUseCaseSuccessMock.swift */; };
		C7E369682B984DE700EABE27 /* HomeEntityMock.swift in Sources */ = {isa = PBXBuildFile; fileRef = C7E369672B984DE700EABE27 /* HomeEntityMock.swift */; };
		C7E3696B2B98CBDE00EABE27 /* GenresRepositorySuccessMock.swift in Sources */ = {isa = PBXBuildFile; fileRef = C7E3696A2B98CBDE00EABE27 /* GenresRepositorySuccessMock.swift */; };
		C7E617182B5D4B40007FEA2A /* AppDelegate.swift in Sources */ = {isa = PBXBuildFile; fileRef = C7E617172B5D4B40007FEA2A /* AppDelegate.swift */; };
		C7E6171A2B5D4B40007FEA2A /* SceneDelegate.swift in Sources */ = {isa = PBXBuildFile; fileRef = C7E617192B5D4B40007FEA2A /* SceneDelegate.swift */; };
		C7E6171C2B5D4B40007FEA2A /* ViewController.swift in Sources */ = {isa = PBXBuildFile; fileRef = C7E6171B2B5D4B40007FEA2A /* ViewController.swift */; };
		C7E6171F2B5D4B40007FEA2A /* Main.storyboard in Resources */ = {isa = PBXBuildFile; fileRef = C7E6171D2B5D4B40007FEA2A /* Main.storyboard */; };
		C7E617212B5D4B41007FEA2A /* Assets.xcassets in Resources */ = {isa = PBXBuildFile; fileRef = C7E617202B5D4B41007FEA2A /* Assets.xcassets */; };
		C7E617242B5D4B41007FEA2A /* LaunchScreen.storyboard in Resources */ = {isa = PBXBuildFile; fileRef = C7E617222B5D4B41007FEA2A /* LaunchScreen.storyboard */; };
		C7E6172F2B5D4B42007FEA2A /* MediaAppTests.swift in Sources */ = {isa = PBXBuildFile; fileRef = C7E6172E2B5D4B42007FEA2A /* MediaAppTests.swift */; };
		C7E617392B5D4B42007FEA2A /* MediaAppUITests.swift in Sources */ = {isa = PBXBuildFile; fileRef = C7E617382B5D4B42007FEA2A /* MediaAppUITests.swift */; };
		C7E6173B2B5D4B42007FEA2A /* MediaAppUITestsLaunchTests.swift in Sources */ = {isa = PBXBuildFile; fileRef = C7E6173A2B5D4B42007FEA2A /* MediaAppUITestsLaunchTests.swift */; };
		C7E617492B5D50FF007FEA2A /* Boxing.swift in Sources */ = {isa = PBXBuildFile; fileRef = C7E617482B5D50FF007FEA2A /* Boxing.swift */; };
		C7E6174C2B5D51BB007FEA2A /* UITableView+Extension.swift in Sources */ = {isa = PBXBuildFile; fileRef = C7E6174B2B5D51BB007FEA2A /* UITableView+Extension.swift */; };
		C7E6174E2B5D520D007FEA2A /* UICollectionView+Extension.swift in Sources */ = {isa = PBXBuildFile; fileRef = C7E6174D2B5D520D007FEA2A /* UICollectionView+Extension.swift */; };
		C7E617552B5E3D10007FEA2A /* MainCoordinator.swift in Sources */ = {isa = PBXBuildFile; fileRef = C7E617542B5E3D10007FEA2A /* MainCoordinator.swift */; };
		C7E617582B5E479C007FEA2A /* NetworkService.swift in Sources */ = {isa = PBXBuildFile; fileRef = C7E617572B5E479C007FEA2A /* NetworkService.swift */; };
		C7E6175B2B5F9518007FEA2A /* MovieDecodable.swift in Sources */ = {isa = PBXBuildFile; fileRef = C7E6175A2B5F9518007FEA2A /* MovieDecodable.swift */; };
		C7E6175D2B5F9691007FEA2A /* MovieResponseDecodable.swift in Sources */ = {isa = PBXBuildFile; fileRef = C7E6175C2B5F9691007FEA2A /* MovieResponseDecodable.swift */; };
		C7E617632B623044007FEA2A /* Endpoint.swift in Sources */ = {isa = PBXBuildFile; fileRef = C7E617622B623044007FEA2A /* Endpoint.swift */; };
		C7E617752B63832B007FEA2A /* MoviesRepository.swift in Sources */ = {isa = PBXBuildFile; fileRef = C7E617742B63832B007FEA2A /* MoviesRepository.swift */; };
		C7E617772B638ACC007FEA2A /* MoviesEndpoint.swift in Sources */ = {isa = PBXBuildFile; fileRef = C7E617762B638ACC007FEA2A /* MoviesEndpoint.swift */; };
		C7E6177A2B6421F2007FEA2A /* AuthRepository.swift in Sources */ = {isa = PBXBuildFile; fileRef = C7E617792B6421F2007FEA2A /* AuthRepository.swift */; };
		C7E6177D2B65013E007FEA2A /* TokenEndpoint.swift in Sources */ = {isa = PBXBuildFile; fileRef = C7E6177C2B65013E007FEA2A /* TokenEndpoint.swift */; };
		C7E6177F2B65014A007FEA2A /* SessionEndpoint.swift in Sources */ = {isa = PBXBuildFile; fileRef = C7E6177E2B65014A007FEA2A /* SessionEndpoint.swift */; };
		C7E617832B65048C007FEA2A /* TokenDecodable.swift in Sources */ = {isa = PBXBuildFile; fileRef = C7E617822B65048C007FEA2A /* TokenDecodable.swift */; };
		C7E617852B65049A007FEA2A /* SessionDecodable.swift in Sources */ = {isa = PBXBuildFile; fileRef = C7E617842B65049A007FEA2A /* SessionDecodable.swift */; };
		C7E617892B650CE7007FEA2A /* KeychainManager.swift in Sources */ = {isa = PBXBuildFile; fileRef = C7E617882B650CE7007FEA2A /* KeychainManager.swift */; };
		C7E6178E2B651524007FEA2A /* AuthViewController.swift in Sources */ = {isa = PBXBuildFile; fileRef = C7E6178D2B651524007FEA2A /* AuthViewController.swift */; };
		C7E617902B651553007FEA2A /* AuthViewModel.swift in Sources */ = {isa = PBXBuildFile; fileRef = C7E6178F2B651553007FEA2A /* AuthViewModel.swift */; };
/* End PBXBuildFile section */

/* Begin PBXContainerItemProxy section */
		C7E6172B2B5D4B42007FEA2A /* PBXContainerItemProxy */ = {
			isa = PBXContainerItemProxy;
			containerPortal = C7E6170C2B5D4B40007FEA2A /* Project object */;
			proxyType = 1;
			remoteGlobalIDString = C7E617132B5D4B40007FEA2A;
			remoteInfo = MediaApp;
		};
		C7E617352B5D4B42007FEA2A /* PBXContainerItemProxy */ = {
			isa = PBXContainerItemProxy;
			containerPortal = C7E6170C2B5D4B40007FEA2A /* Project object */;
			proxyType = 1;
			remoteGlobalIDString = C7E617132B5D4B40007FEA2A;
			remoteInfo = MediaApp;
		};
/* End PBXContainerItemProxy section */

/* Begin PBXFileReference section */
		C7B725EF2B9EED6900437C73 /* ImageRepositorySuccessMock.swift */ = {isa = PBXFileReference; lastKnownFileType = sourcecode.swift; path = ImageRepositorySuccessMock.swift; sourceTree = "<group>"; };
		C7E369292B8B233F00EABE27 /* GenresRepository.swift */ = {isa = PBXFileReference; lastKnownFileType = sourcecode.swift; path = GenresRepository.swift; sourceTree = "<group>"; };
		C7E3692C2B8B23F800EABE27 /* GenresDecodable.swift */ = {isa = PBXFileReference; lastKnownFileType = sourcecode.swift; path = GenresDecodable.swift; sourceTree = "<group>"; };
		C7E3692F2B8B264200EABE27 /* GenresEndpoint.swift */ = {isa = PBXFileReference; lastKnownFileType = sourcecode.swift; path = GenresEndpoint.swift; sourceTree = "<group>"; };
		C7E369332B8B30D900EABE27 /* Logger.swift */ = {isa = PBXFileReference; lastKnownFileType = sourcecode.swift; path = Logger.swift; sourceTree = "<group>"; };
		C7E369352B8B34CC00EABE27 /* DateFormatter+Extension.swift */ = {isa = PBXFileReference; lastKnownFileType = sourcecode.swift; path = "DateFormatter+Extension.swift"; sourceTree = "<group>"; };
		C7E369382B8BF3A000EABE27 /* ImageRepository.swift */ = {isa = PBXFileReference; lastKnownFileType = sourcecode.swift; path = ImageRepository.swift; sourceTree = "<group>"; };
		C7E3693E2B8C618400EABE27 /* HomeUseCase.swift */ = {isa = PBXFileReference; lastKnownFileType = sourcecode.swift; path = HomeUseCase.swift; sourceTree = "<group>"; };
		C7E369412B8C633200EABE27 /* HomeEntity.swift */ = {isa = PBXFileReference; lastKnownFileType = sourcecode.swift; path = HomeEntity.swift; sourceTree = "<group>"; };
		C7E369472B94CD6400EABE27 /* Config.plist */ = {isa = PBXFileReference; lastKnownFileType = text.plist.xml; path = Config.plist; sourceTree = "<group>"; };
		C7E3694C2B94F06C00EABE27 /* NowPlayingMoviesMock.swift */ = {isa = PBXFileReference; lastKnownFileType = sourcecode.swift; path = NowPlayingMoviesMock.swift; sourceTree = "<group>"; };
		C7E3694E2B94F2E900EABE27 /* PopularMoviesMock.swift */ = {isa = PBXFileReference; lastKnownFileType = sourcecode.swift; path = PopularMoviesMock.swift; sourceTree = "<group>"; };
		C7E369502B94F30000EABE27 /* TopRatedMoviesMock.swift */ = {isa = PBXFileReference; lastKnownFileType = sourcecode.swift; path = TopRatedMoviesMock.swift; sourceTree = "<group>"; };
		C7E369522B94F31600EABE27 /* UpcomingMoviesMock.swift */ = {isa = PBXFileReference; lastKnownFileType = sourcecode.swift; path = UpcomingMoviesMock.swift; sourceTree = "<group>"; };
		C7E369552B94F46C00EABE27 /* LatestMoviesMock.swift */ = {isa = PBXFileReference; lastKnownFileType = sourcecode.swift; path = LatestMoviesMock.swift; sourceTree = "<group>"; };
		C7E369572B9848E900EABE27 /* GenresMock.swift */ = {isa = PBXFileReference; lastKnownFileType = sourcecode.swift; path = GenresMock.swift; sourceTree = "<group>"; };
		C7E369602B984BD900EABE27 /* MoviesRepositorySuccessMock.swift */ = {isa = PBXFileReference; lastKnownFileType = sourcecode.swift; path = MoviesRepositorySuccessMock.swift; sourceTree = "<group>"; };
		C7E369632B984C3500EABE27 /* HomeUseCaseSuccessMock.swift */ = {isa = PBXFileReference; lastKnownFileType = sourcecode.swift; path = HomeUseCaseSuccessMock.swift; sourceTree = "<group>"; };
		C7E369672B984DE700EABE27 /* HomeEntityMock.swift */ = {isa = PBXFileReference; lastKnownFileType = sourcecode.swift; path = HomeEntityMock.swift; sourceTree = "<group>"; };
		C7E3696A2B98CBDE00EABE27 /* GenresRepositorySuccessMock.swift */ = {isa = PBXFileReference; lastKnownFileType = sourcecode.swift; path = GenresRepositorySuccessMock.swift; sourceTree = "<group>"; };
		C7E617142B5D4B40007FEA2A /* MediaApp.app */ = {isa = PBXFileReference; explicitFileType = wrapper.application; includeInIndex = 0; path = MediaApp.app; sourceTree = BUILT_PRODUCTS_DIR; };
		C7E617172B5D4B40007FEA2A /* AppDelegate.swift */ = {isa = PBXFileReference; lastKnownFileType = sourcecode.swift; path = AppDelegate.swift; sourceTree = "<group>"; };
		C7E617192B5D4B40007FEA2A /* SceneDelegate.swift */ = {isa = PBXFileReference; lastKnownFileType = sourcecode.swift; path = SceneDelegate.swift; sourceTree = "<group>"; };
		C7E6171B2B5D4B40007FEA2A /* ViewController.swift */ = {isa = PBXFileReference; lastKnownFileType = sourcecode.swift; path = ViewController.swift; sourceTree = "<group>"; };
		C7E6171E2B5D4B40007FEA2A /* Base */ = {isa = PBXFileReference; lastKnownFileType = file.storyboard; name = Base; path = Base.lproj/Main.storyboard; sourceTree = "<group>"; };
		C7E617202B5D4B41007FEA2A /* Assets.xcassets */ = {isa = PBXFileReference; lastKnownFileType = folder.assetcatalog; path = Assets.xcassets; sourceTree = "<group>"; };
		C7E617232B5D4B41007FEA2A /* Base */ = {isa = PBXFileReference; lastKnownFileType = file.storyboard; name = Base; path = Base.lproj/LaunchScreen.storyboard; sourceTree = "<group>"; };
		C7E617252B5D4B41007FEA2A /* Info.plist */ = {isa = PBXFileReference; lastKnownFileType = text.plist.xml; path = Info.plist; sourceTree = "<group>"; };
		C7E6172A2B5D4B42007FEA2A /* MediaAppTests.xctest */ = {isa = PBXFileReference; explicitFileType = wrapper.cfbundle; includeInIndex = 0; path = MediaAppTests.xctest; sourceTree = BUILT_PRODUCTS_DIR; };
		C7E6172E2B5D4B42007FEA2A /* MediaAppTests.swift */ = {isa = PBXFileReference; lastKnownFileType = sourcecode.swift; path = MediaAppTests.swift; sourceTree = "<group>"; };
		C7E617342B5D4B42007FEA2A /* MediaAppUITests.xctest */ = {isa = PBXFileReference; explicitFileType = wrapper.cfbundle; includeInIndex = 0; path = MediaAppUITests.xctest; sourceTree = BUILT_PRODUCTS_DIR; };
		C7E617382B5D4B42007FEA2A /* MediaAppUITests.swift */ = {isa = PBXFileReference; lastKnownFileType = sourcecode.swift; path = MediaAppUITests.swift; sourceTree = "<group>"; };
		C7E6173A2B5D4B42007FEA2A /* MediaAppUITestsLaunchTests.swift */ = {isa = PBXFileReference; lastKnownFileType = sourcecode.swift; path = MediaAppUITestsLaunchTests.swift; sourceTree = "<group>"; };
		C7E617482B5D50FF007FEA2A /* Boxing.swift */ = {isa = PBXFileReference; lastKnownFileType = sourcecode.swift; path = Boxing.swift; sourceTree = "<group>"; };
		C7E6174B2B5D51BB007FEA2A /* UITableView+Extension.swift */ = {isa = PBXFileReference; lastKnownFileType = sourcecode.swift; path = "UITableView+Extension.swift"; sourceTree = "<group>"; };
		C7E6174D2B5D520D007FEA2A /* UICollectionView+Extension.swift */ = {isa = PBXFileReference; lastKnownFileType = sourcecode.swift; path = "UICollectionView+Extension.swift"; sourceTree = "<group>"; };
		C7E617542B5E3D10007FEA2A /* MainCoordinator.swift */ = {isa = PBXFileReference; lastKnownFileType = sourcecode.swift; path = MainCoordinator.swift; sourceTree = "<group>"; };
		C7E617572B5E479C007FEA2A /* NetworkService.swift */ = {isa = PBXFileReference; lastKnownFileType = sourcecode.swift; path = NetworkService.swift; sourceTree = "<group>"; };
		C7E6175A2B5F9518007FEA2A /* MovieDecodable.swift */ = {isa = PBXFileReference; lastKnownFileType = sourcecode.swift; path = MovieDecodable.swift; sourceTree = "<group>"; };
		C7E6175C2B5F9691007FEA2A /* MovieResponseDecodable.swift */ = {isa = PBXFileReference; lastKnownFileType = sourcecode.swift; path = MovieResponseDecodable.swift; sourceTree = "<group>"; };
		C7E617622B623044007FEA2A /* Endpoint.swift */ = {isa = PBXFileReference; lastKnownFileType = sourcecode.swift; path = Endpoint.swift; sourceTree = "<group>"; };
		C7E617742B63832B007FEA2A /* MoviesRepository.swift */ = {isa = PBXFileReference; lastKnownFileType = sourcecode.swift; path = MoviesRepository.swift; sourceTree = "<group>"; };
		C7E617762B638ACC007FEA2A /* MoviesEndpoint.swift */ = {isa = PBXFileReference; lastKnownFileType = sourcecode.swift; path = MoviesEndpoint.swift; sourceTree = "<group>"; };
		C7E617792B6421F2007FEA2A /* AuthRepository.swift */ = {isa = PBXFileReference; lastKnownFileType = sourcecode.swift; path = AuthRepository.swift; sourceTree = "<group>"; };
		C7E6177C2B65013E007FEA2A /* TokenEndpoint.swift */ = {isa = PBXFileReference; lastKnownFileType = sourcecode.swift; path = TokenEndpoint.swift; sourceTree = "<group>"; };
		C7E6177E2B65014A007FEA2A /* SessionEndpoint.swift */ = {isa = PBXFileReference; lastKnownFileType = sourcecode.swift; path = SessionEndpoint.swift; sourceTree = "<group>"; };
		C7E617822B65048C007FEA2A /* TokenDecodable.swift */ = {isa = PBXFileReference; lastKnownFileType = sourcecode.swift; path = TokenDecodable.swift; sourceTree = "<group>"; };
		C7E617842B65049A007FEA2A /* SessionDecodable.swift */ = {isa = PBXFileReference; lastKnownFileType = sourcecode.swift; path = SessionDecodable.swift; sourceTree = "<group>"; };
		C7E617882B650CE7007FEA2A /* KeychainManager.swift */ = {isa = PBXFileReference; lastKnownFileType = sourcecode.swift; path = KeychainManager.swift; sourceTree = "<group>"; };
		C7E6178D2B651524007FEA2A /* AuthViewController.swift */ = {isa = PBXFileReference; lastKnownFileType = sourcecode.swift; path = AuthViewController.swift; sourceTree = "<group>"; };
		C7E6178F2B651553007FEA2A /* AuthViewModel.swift */ = {isa = PBXFileReference; lastKnownFileType = sourcecode.swift; path = AuthViewModel.swift; sourceTree = "<group>"; };
/* End PBXFileReference section */

/* Begin PBXFrameworksBuildPhase section */
		C7E617112B5D4B40007FEA2A /* Frameworks */ = {
			isa = PBXFrameworksBuildPhase;
			buildActionMask = 2147483647;
			files = (
			);
			runOnlyForDeploymentPostprocessing = 0;
		};
		C7E617272B5D4B42007FEA2A /* Frameworks */ = {
			isa = PBXFrameworksBuildPhase;
			buildActionMask = 2147483647;
			files = (
			);
			runOnlyForDeploymentPostprocessing = 0;
		};
		C7E617312B5D4B42007FEA2A /* Frameworks */ = {
			isa = PBXFrameworksBuildPhase;
			buildActionMask = 2147483647;
			files = (
			);
			runOnlyForDeploymentPostprocessing = 0;
		};
/* End PBXFrameworksBuildPhase section */

/* Begin PBXGroup section */
		C7E369282B8B231A00EABE27 /* Genres */ = {
			isa = PBXGroup;
			children = (
				C7E369292B8B233F00EABE27 /* GenresRepository.swift */,
			);
			path = Genres;
			sourceTree = "<group>";
		};
		C7E3692B2B8B23DE00EABE27 /* Genres */ = {
			isa = PBXGroup;
			children = (
				C7E3692C2B8B23F800EABE27 /* GenresDecodable.swift */,
			);
			path = Genres;
			sourceTree = "<group>";
		};
		C7E3692E2B8B262900EABE27 /* Genres */ = {
			isa = PBXGroup;
			children = (
				C7E3692F2B8B264200EABE27 /* GenresEndpoint.swift */,
			);
			path = Genres;
			sourceTree = "<group>";
		};
		C7E369312B8B30A300EABE27 /* Utils */ = {
			isa = PBXGroup;
			children = (
				C7E369322B8B30C000EABE27 /* Logger */,
			);
			path = Utils;
			sourceTree = "<group>";
		};
		C7E369322B8B30C000EABE27 /* Logger */ = {
			isa = PBXGroup;
			children = (
				C7E369332B8B30D900EABE27 /* Logger.swift */,
			);
			path = Logger;
			sourceTree = "<group>";
		};
		C7E369372B8BF38D00EABE27 /* Image */ = {
			isa = PBXGroup;
			children = (
				C7E369382B8BF3A000EABE27 /* ImageRepository.swift */,
			);
			path = Image;
			sourceTree = "<group>";
		};
		C7E3693A2B8BF80C00EABE27 /* Home */ = {
			isa = PBXGroup;
			children = (
				C7E3693E2B8C618400EABE27 /* HomeUseCase.swift */,
			);
			path = Home;
			sourceTree = "<group>";
		};
		C7E3693B2B8BF82900EABE27 /* UseCases */ = {
			isa = PBXGroup;
			children = (
				C7E3693A2B8BF80C00EABE27 /* Home */,
			);
			path = UseCases;
			sourceTree = "<group>";
		};
		C7E3693C2B8BF83200EABE27 /* Entities */ = {
			isa = PBXGroup;
			children = (
				C7E369402B8C631F00EABE27 /* Home */,
			);
			path = Entities;
			sourceTree = "<group>";
		};
		C7E3693D2B8BF9BF00EABE27 /* Image */ = {
			isa = PBXGroup;
			children = (
			);
			path = Image;
			sourceTree = "<group>";
		};
		C7E369402B8C631F00EABE27 /* Home */ = {
			isa = PBXGroup;
			children = (
				C7E369412B8C633200EABE27 /* HomeEntity.swift */,
			);
			path = Home;
			sourceTree = "<group>";
		};
		C7E369492B94F01900EABE27 /* Mocks */ = {
			isa = PBXGroup;
			children = (
				C7E3695B2B984B2900EABE27 /* Entities */,
				C7E3695A2B984B2000EABE27 /* UseCases */,
				C7E369592B984B1200EABE27 /* Repositories */,
				C7E3694A2B94F04100EABE27 /* RawData */,
			);
			path = Mocks;
			sourceTree = "<group>";
		};
		C7E3694A2B94F04100EABE27 /* RawData */ = {
			isa = PBXGroup;
			children = (
				C7E369542B94F3A400EABE27 /* Genres */,
				C7E3694B2B94F04D00EABE27 /* Movies */,
			);
			path = RawData;
			sourceTree = "<group>";
		};
		C7E3694B2B94F04D00EABE27 /* Movies */ = {
			isa = PBXGroup;
			children = (
				C7E3694C2B94F06C00EABE27 /* NowPlayingMoviesMock.swift */,
				C7E3694E2B94F2E900EABE27 /* PopularMoviesMock.swift */,
				C7E369502B94F30000EABE27 /* TopRatedMoviesMock.swift */,
				C7E369522B94F31600EABE27 /* UpcomingMoviesMock.swift */,
				C7E369552B94F46C00EABE27 /* LatestMoviesMock.swift */,
			);
			path = Movies;
			sourceTree = "<group>";
		};
		C7E369542B94F3A400EABE27 /* Genres */ = {
			isa = PBXGroup;
			children = (
				C7E369572B9848E900EABE27 /* GenresMock.swift */,
			);
			path = Genres;
			sourceTree = "<group>";
		};
		C7E369592B984B1200EABE27 /* Repositories */ = {
			isa = PBXGroup;
			children = (
				C7E3695F2B984BC000EABE27 /* Auth */,
				C7E3695E2B984BAD00EABE27 /* Image */,
				C7E3695D2B984BA700EABE27 /* Genres */,
				C7E3695C2B984BA000EABE27 /* Movies */,
			);
			path = Repositories;
			sourceTree = "<group>";
		};
		C7E3695A2B984B2000EABE27 /* UseCases */ = {
			isa = PBXGroup;
			children = (
				C7E369622B984C1C00EABE27 /* Home */,
			);
			path = UseCases;
			sourceTree = "<group>";
		};
		C7E3695B2B984B2900EABE27 /* Entities */ = {
			isa = PBXGroup;
			children = (
				C7E369672B984DE700EABE27 /* HomeEntityMock.swift */,
			);
			path = Entities;
			sourceTree = "<group>";
		};
		C7E3695C2B984BA000EABE27 /* Movies */ = {
			isa = PBXGroup;
			children = (
				C7E369602B984BD900EABE27 /* MoviesRepositorySuccessMock.swift */,
			);
			path = Movies;
			sourceTree = "<group>";
		};
		C7E3695D2B984BA700EABE27 /* Genres */ = {
			isa = PBXGroup;
			children = (
				C7E3696A2B98CBDE00EABE27 /* GenresRepositorySuccessMock.swift */,
			);
			path = Genres;
			sourceTree = "<group>";
		};
		C7E3695E2B984BAD00EABE27 /* Image */ = {
			isa = PBXGroup;
			children = (
				C7B725EF2B9EED6900437C73 /* ImageRepositorySuccessMock.swift */,
			);
			path = Image;
			sourceTree = "<group>";
		};
		C7E3695F2B984BC000EABE27 /* Auth */ = {
			isa = PBXGroup;
			children = (
			);
			path = Auth;
			sourceTree = "<group>";
		};
		C7E369622B984C1C00EABE27 /* Home */ = {
			isa = PBXGroup;
			children = (
				C7E369632B984C3500EABE27 /* HomeUseCaseSuccessMock.swift */,
			);
			path = Home;
			sourceTree = "<group>";
		};
		C7E6170B2B5D4B40007FEA2A = {
			isa = PBXGroup;
			children = (
				C7E617162B5D4B40007FEA2A /* MediaApp */,
				C7E6172D2B5D4B42007FEA2A /* MediaAppTests */,
				C7E617372B5D4B42007FEA2A /* MediaAppUITests */,
				C7E617152B5D4B40007FEA2A /* Products */,
			);
			sourceTree = "<group>";
		};
		C7E617152B5D4B40007FEA2A /* Products */ = {
			isa = PBXGroup;
			children = (
				C7E617142B5D4B40007FEA2A /* MediaApp.app */,
				C7E6172A2B5D4B42007FEA2A /* MediaAppTests.xctest */,
				C7E617342B5D4B42007FEA2A /* MediaAppUITests.xctest */,
			);
			name = Products;
			sourceTree = "<group>";
		};
		C7E617162B5D4B40007FEA2A /* MediaApp */ = {
			isa = PBXGroup;
			children = (
				C7E369312B8B30A300EABE27 /* Utils */,
				C7E617562B5E41C3007FEA2A /* Networking */,
				C7E6174F2B5D5D3E007FEA2A /* Features */,
				C7E6174A2B5D51A7007FEA2A /* Extensions */,
				C7E617472B5D50C2007FEA2A /* Base */,
				C7E617172B5D4B40007FEA2A /* AppDelegate.swift */,
				C7E617192B5D4B40007FEA2A /* SceneDelegate.swift */,
				C7E6171B2B5D4B40007FEA2A /* ViewController.swift */,
				C7E6171D2B5D4B40007FEA2A /* Main.storyboard */,
				C7E617202B5D4B41007FEA2A /* Assets.xcassets */,
				C7E617222B5D4B41007FEA2A /* LaunchScreen.storyboard */,
				C7E617252B5D4B41007FEA2A /* Info.plist */,
				C7E369472B94CD6400EABE27 /* Config.plist */,
			);
			path = MediaApp;
			sourceTree = "<group>";
		};
		C7E6172D2B5D4B42007FEA2A /* MediaAppTests */ = {
			isa = PBXGroup;
			children = (
				C7E369492B94F01900EABE27 /* Mocks */,
				C7E6172E2B5D4B42007FEA2A /* MediaAppTests.swift */,
			);
			path = MediaAppTests;
			sourceTree = "<group>";
		};
		C7E617372B5D4B42007FEA2A /* MediaAppUITests */ = {
			isa = PBXGroup;
			children = (
				C7E617382B5D4B42007FEA2A /* MediaAppUITests.swift */,
				C7E6173A2B5D4B42007FEA2A /* MediaAppUITestsLaunchTests.swift */,
			);
			path = MediaAppUITests;
			sourceTree = "<group>";
		};
		C7E617472B5D50C2007FEA2A /* Base */ = {
			isa = PBXGroup;
			children = (
				C7E617872B650CD2007FEA2A /* Keychain */,
				C7E617482B5D50FF007FEA2A /* Boxing.swift */,
			);
			path = Base;
			sourceTree = "<group>";
		};
		C7E6174A2B5D51A7007FEA2A /* Extensions */ = {
			isa = PBXGroup;
			children = (
				C7E6174B2B5D51BB007FEA2A /* UITableView+Extension.swift */,
				C7E6174D2B5D520D007FEA2A /* UICollectionView+Extension.swift */,
				C7E369352B8B34CC00EABE27 /* DateFormatter+Extension.swift */,
			);
			path = Extensions;
			sourceTree = "<group>";
		};
		C7E6174F2B5D5D3E007FEA2A /* Features */ = {
			isa = PBXGroup;
			children = (
				C7E617522B5D5D55007FEA2A /* Presentation */,
				C7E617512B5D5D4F007FEA2A /* Domain */,
				C7E617502B5D5D4B007FEA2A /* Data */,
			);
			path = Features;
			sourceTree = "<group>";
		};
		C7E617502B5D5D4B007FEA2A /* Data */ = {
			isa = PBXGroup;
			children = (
				C7E6175E2B603599007FEA2A /* Repositories */,
				C7E617592B5F94FF007FEA2A /* Decodables */,
			);
			path = Data;
			sourceTree = "<group>";
		};
		C7E617512B5D5D4F007FEA2A /* Domain */ = {
			isa = PBXGroup;
			children = (
				C7E3693C2B8BF83200EABE27 /* Entities */,
				C7E3693B2B8BF82900EABE27 /* UseCases */,
			);
			path = Domain;
			sourceTree = "<group>";
		};
		C7E617522B5D5D55007FEA2A /* Presentation */ = {
			isa = PBXGroup;
			children = (
				C7E617912B651831007FEA2A /* Login */,
				C7E6178A2B6514B6007FEA2A /* Auth */,
				C7E617862B6505C6007FEA2A /* Home */,
				C7E617532B5E3CF8007FEA2A /* MainCoordinator */,
			);
			path = Presentation;
			sourceTree = "<group>";
		};
		C7E617532B5E3CF8007FEA2A /* MainCoordinator */ = {
			isa = PBXGroup;
			children = (
				C7E617542B5E3D10007FEA2A /* MainCoordinator.swift */,
			);
			path = MainCoordinator;
			sourceTree = "<group>";
		};
		C7E617562B5E41C3007FEA2A /* Networking */ = {
			isa = PBXGroup;
			children = (
				C7E617572B5E479C007FEA2A /* NetworkService.swift */,
				C7E617642B6241E9007FEA2A /* Endpoints */,
			);
			path = Networking;
			sourceTree = "<group>";
		};
		C7E617592B5F94FF007FEA2A /* Decodables */ = {
			isa = PBXGroup;
			children = (
				C7E3692B2B8B23DE00EABE27 /* Genres */,
				C7E617812B6503F9007FEA2A /* Auth */,
				C7E617802B6503EE007FEA2A /* Movies */,
			);
			path = Decodables;
			sourceTree = "<group>";
		};
		C7E6175E2B603599007FEA2A /* Repositories */ = {
			isa = PBXGroup;
			children = (
				C7E369372B8BF38D00EABE27 /* Image */,
				C7E369282B8B231A00EABE27 /* Genres */,
				C7E617782B6421DA007FEA2A /* Auth */,
				C7E617612B6035FA007FEA2A /* Movies */,
			);
			path = Repositories;
			sourceTree = "<group>";
		};
		C7E617612B6035FA007FEA2A /* Movies */ = {
			isa = PBXGroup;
			children = (
				C7E617742B63832B007FEA2A /* MoviesRepository.swift */,
			);
			path = Movies;
			sourceTree = "<group>";
		};
		C7E617642B6241E9007FEA2A /* Endpoints */ = {
			isa = PBXGroup;
			children = (
				C7E3693D2B8BF9BF00EABE27 /* Image */,
				C7E617622B623044007FEA2A /* Endpoint.swift */,
				C7E6177B2B65012E007FEA2A /* Auth */,
				C7E617652B6241F6007FEA2A /* Movies */,
				C7E3692E2B8B262900EABE27 /* Genres */,
			);
			path = Endpoints;
			sourceTree = "<group>";
		};
		C7E617652B6241F6007FEA2A /* Movies */ = {
			isa = PBXGroup;
			children = (
				C7E617762B638ACC007FEA2A /* MoviesEndpoint.swift */,
			);
			path = Movies;
			sourceTree = "<group>";
		};
		C7E617782B6421DA007FEA2A /* Auth */ = {
			isa = PBXGroup;
			children = (
				C7E617792B6421F2007FEA2A /* AuthRepository.swift */,
			);
			path = Auth;
			sourceTree = "<group>";
		};
		C7E6177B2B65012E007FEA2A /* Auth */ = {
			isa = PBXGroup;
			children = (
				C7E6177C2B65013E007FEA2A /* TokenEndpoint.swift */,
				C7E6177E2B65014A007FEA2A /* SessionEndpoint.swift */,
			);
			path = Auth;
			sourceTree = "<group>";
		};
		C7E617802B6503EE007FEA2A /* Movies */ = {
			isa = PBXGroup;
			children = (
				C7E6175A2B5F9518007FEA2A /* MovieDecodable.swift */,
				C7E6175C2B5F9691007FEA2A /* MovieResponseDecodable.swift */,
			);
			path = Movies;
			sourceTree = "<group>";
		};
		C7E617812B6503F9007FEA2A /* Auth */ = {
			isa = PBXGroup;
			children = (
				C7E617822B65048C007FEA2A /* TokenDecodable.swift */,
				C7E617842B65049A007FEA2A /* SessionDecodable.swift */,
			);
			path = Auth;
			sourceTree = "<group>";
		};
		C7E617862B6505C6007FEA2A /* Home */ = {
			isa = PBXGroup;
			children = (
			);
			path = Home;
			sourceTree = "<group>";
		};
		C7E617872B650CD2007FEA2A /* Keychain */ = {
			isa = PBXGroup;
			children = (
				C7E617882B650CE7007FEA2A /* KeychainManager.swift */,
			);
			path = Keychain;
			sourceTree = "<group>";
		};
		C7E6178A2B6514B6007FEA2A /* Auth */ = {
			isa = PBXGroup;
			children = (
				C7E6178C2B651501007FEA2A /* View */,
				C7E6178B2B6514F4007FEA2A /* ViewModel */,
			);
			path = Auth;
			sourceTree = "<group>";
		};
		C7E6178B2B6514F4007FEA2A /* ViewModel */ = {
			isa = PBXGroup;
			children = (
				C7E6178F2B651553007FEA2A /* AuthViewModel.swift */,
			);
			path = ViewModel;
			sourceTree = "<group>";
		};
		C7E6178C2B651501007FEA2A /* View */ = {
			isa = PBXGroup;
			children = (
				C7E6178D2B651524007FEA2A /* AuthViewController.swift */,
			);
			path = View;
			sourceTree = "<group>";
		};
		C7E617912B651831007FEA2A /* Login */ = {
			isa = PBXGroup;
			children = (
			);
			path = Login;
			sourceTree = "<group>";
		};
/* End PBXGroup section */

/* Begin PBXNativeTarget section */
		C7E617132B5D4B40007FEA2A /* MediaApp */ = {
			isa = PBXNativeTarget;
			buildConfigurationList = C7E6173E2B5D4B42007FEA2A /* Build configuration list for PBXNativeTarget "MediaApp" */;
			buildPhases = (
				C7E617102B5D4B40007FEA2A /* Sources */,
				C7E617112B5D4B40007FEA2A /* Frameworks */,
				C7E617122B5D4B40007FEA2A /* Resources */,
				C7E369442B94BF7000EABE27 /* SwiftLint */,
			);
			buildRules = (
			);
			dependencies = (
			);
			name = MediaApp;
			productName = MediaApp;
			productReference = C7E617142B5D4B40007FEA2A /* MediaApp.app */;
			productType = "com.apple.product-type.application";
		};
		C7E617292B5D4B42007FEA2A /* MediaAppTests */ = {
			isa = PBXNativeTarget;
			buildConfigurationList = C7E617412B5D4B42007FEA2A /* Build configuration list for PBXNativeTarget "MediaAppTests" */;
			buildPhases = (
				C7E617262B5D4B42007FEA2A /* Sources */,
				C7E617272B5D4B42007FEA2A /* Frameworks */,
				C7E617282B5D4B42007FEA2A /* Resources */,
				C7E369452B94BF8A00EABE27 /* SwiftLint */,
			);
			buildRules = (
			);
			dependencies = (
				C7E6172C2B5D4B42007FEA2A /* PBXTargetDependency */,
			);
			name = MediaAppTests;
			productName = MediaAppTests;
			productReference = C7E6172A2B5D4B42007FEA2A /* MediaAppTests.xctest */;
			productType = "com.apple.product-type.bundle.unit-test";
		};
		C7E617332B5D4B42007FEA2A /* MediaAppUITests */ = {
			isa = PBXNativeTarget;
			buildConfigurationList = C7E617442B5D4B42007FEA2A /* Build configuration list for PBXNativeTarget "MediaAppUITests" */;
			buildPhases = (
				C7E617302B5D4B42007FEA2A /* Sources */,
				C7E617312B5D4B42007FEA2A /* Frameworks */,
				C7E617322B5D4B42007FEA2A /* Resources */,
				C7E369462B94BF9300EABE27 /* SwiftLint */,
			);
			buildRules = (
			);
			dependencies = (
				C7E617362B5D4B42007FEA2A /* PBXTargetDependency */,
			);
			name = MediaAppUITests;
			productName = MediaAppUITests;
			productReference = C7E617342B5D4B42007FEA2A /* MediaAppUITests.xctest */;
			productType = "com.apple.product-type.bundle.ui-testing";
		};
/* End PBXNativeTarget section */

/* Begin PBXProject section */
		C7E6170C2B5D4B40007FEA2A /* Project object */ = {
			isa = PBXProject;
			attributes = {
				BuildIndependentTargetsInParallel = 1;
				LastSwiftUpdateCheck = 1510;
				LastUpgradeCheck = 1510;
				TargetAttributes = {
					C7E617132B5D4B40007FEA2A = {
						CreatedOnToolsVersion = 15.1;
					};
					C7E617292B5D4B42007FEA2A = {
						CreatedOnToolsVersion = 15.1;
						TestTargetID = C7E617132B5D4B40007FEA2A;
					};
					C7E617332B5D4B42007FEA2A = {
						CreatedOnToolsVersion = 15.1;
						TestTargetID = C7E617132B5D4B40007FEA2A;
					};
				};
			};
			buildConfigurationList = C7E6170F2B5D4B40007FEA2A /* Build configuration list for PBXProject "MediaApp" */;
			compatibilityVersion = "Xcode 14.0";
			developmentRegion = en;
			hasScannedForEncodings = 0;
			knownRegions = (
				en,
				Base,
			);
			mainGroup = C7E6170B2B5D4B40007FEA2A;
			productRefGroup = C7E617152B5D4B40007FEA2A /* Products */;
			projectDirPath = "";
			projectRoot = "";
			targets = (
				C7E617132B5D4B40007FEA2A /* MediaApp */,
				C7E617292B5D4B42007FEA2A /* MediaAppTests */,
				C7E617332B5D4B42007FEA2A /* MediaAppUITests */,
			);
		};
/* End PBXProject section */

/* Begin PBXResourcesBuildPhase section */
		C7E617122B5D4B40007FEA2A /* Resources */ = {
			isa = PBXResourcesBuildPhase;
			buildActionMask = 2147483647;
			files = (
				C7E369482B94CD6400EABE27 /* Config.plist in Resources */,
				C7E617242B5D4B41007FEA2A /* LaunchScreen.storyboard in Resources */,
				C7E617212B5D4B41007FEA2A /* Assets.xcassets in Resources */,
				C7E6171F2B5D4B40007FEA2A /* Main.storyboard in Resources */,
			);
			runOnlyForDeploymentPostprocessing = 0;
		};
		C7E617282B5D4B42007FEA2A /* Resources */ = {
			isa = PBXResourcesBuildPhase;
			buildActionMask = 2147483647;
			files = (
			);
			runOnlyForDeploymentPostprocessing = 0;
		};
		C7E617322B5D4B42007FEA2A /* Resources */ = {
			isa = PBXResourcesBuildPhase;
			buildActionMask = 2147483647;
			files = (
			);
			runOnlyForDeploymentPostprocessing = 0;
		};
/* End PBXResourcesBuildPhase section */

/* Begin PBXShellScriptBuildPhase section */
		C7E369442B94BF7000EABE27 /* SwiftLint */ = {
			isa = PBXShellScriptBuildPhase;
			alwaysOutOfDate = 1;
			buildActionMask = 2147483647;
			files = (
			);
			inputFileListPaths = (
			);
			inputPaths = (
			);
			name = SwiftLint;
			outputFileListPaths = (
			);
			outputPaths = (
			);
			runOnlyForDeploymentPostprocessing = 0;
			shellPath = /bin/sh;
			shellScript = "#export PATH=\"$PATH:/opt/homebrew/bin\"\n#if which swiftlint > /dev/null; then\n#  swiftlint\n#else\n#  echo \"warning: SwiftLint not installed\"\n#fi\n";
		};
		C7E369452B94BF8A00EABE27 /* SwiftLint */ = {
			isa = PBXShellScriptBuildPhase;
			buildActionMask = 2147483647;
			files = (
			);
			inputFileListPaths = (
			);
			inputPaths = (
			);
			name = SwiftLint;
			outputFileListPaths = (
			);
			outputPaths = (
			);
			runOnlyForDeploymentPostprocessing = 0;
			shellPath = /bin/sh;
			shellScript = "
";
		};
		C7E369462B94BF9300EABE27 /* SwiftLint */ = {
			isa = PBXShellScriptBuildPhase;
			buildActionMask = 2147483647;
			files = (
			);
			inputFileListPaths = (
			);
			inputPaths = (
			);
			name = SwiftLint;
			outputFileListPaths = (
			);
			outputPaths = (
			);
			runOnlyForDeploymentPostprocessing = 0;
			shellPath = /bin/sh;
			shellScript = "
";
		};
/* End PBXShellScriptBuildPhase section */

/* Begin PBXSourcesBuildPhase section */
		C7E617102B5D4B40007FEA2A /* Sources */ = {
			isa = PBXSourcesBuildPhase;
			buildActionMask = 2147483647;
			files = (
				C7E6177D2B65013E007FEA2A /* TokenEndpoint.swift in Sources */,
				C7E369422B8C633200EABE27 /* HomeEntity.swift in Sources */,
				C7E6175B2B5F9518007FEA2A /* MovieDecodable.swift in Sources */,
				C7E6175D2B5F9691007FEA2A /* MovieResponseDecodable.swift in Sources */,
				C7E6174E2B5D520D007FEA2A /* UICollectionView+Extension.swift in Sources */,
				C7E617892B650CE7007FEA2A /* KeychainManager.swift in Sources */,
				C7E617552B5E3D10007FEA2A /* MainCoordinator.swift in Sources */,
				C7E6177F2B65014A007FEA2A /* SessionEndpoint.swift in Sources */,
				C7E3692A2B8B233F00EABE27 /* GenresRepository.swift in Sources */,
				C7E617582B5E479C007FEA2A /* NetworkService.swift in Sources */,
				C7E6171C2B5D4B40007FEA2A /* ViewController.swift in Sources */,
				C7E617492B5D50FF007FEA2A /* Boxing.swift in Sources */,
				C7E617832B65048C007FEA2A /* TokenDecodable.swift in Sources */,
				C7E369362B8B34CC00EABE27 /* DateFormatter+Extension.swift in Sources */,
				C7E369302B8B264200EABE27 /* GenresEndpoint.swift in Sources */,
				C7E6174C2B5D51BB007FEA2A /* UITableView+Extension.swift in Sources */,
				C7E6178E2B651524007FEA2A /* AuthViewController.swift in Sources */,
				C7E369392B8BF3A000EABE27 /* ImageRepository.swift in Sources */,
				C7E617772B638ACC007FEA2A /* MoviesEndpoint.swift in Sources */,
				C7E617182B5D4B40007FEA2A /* AppDelegate.swift in Sources */,
				C7E617752B63832B007FEA2A /* MoviesRepository.swift in Sources */,
				C7E617852B65049A007FEA2A /* SessionDecodable.swift in Sources */,
				C7E617902B651553007FEA2A /* AuthViewModel.swift in Sources */,
				C7E3693F2B8C618400EABE27 /* HomeUseCase.swift in Sources */,
				C7E369342B8B30D900EABE27 /* Logger.swift in Sources */,
				C7E6177A2B6421F2007FEA2A /* AuthRepository.swift in Sources */,
				C7E617632B623044007FEA2A /* Endpoint.swift in Sources */,
				C7E6171A2B5D4B40007FEA2A /* SceneDelegate.swift in Sources */,
				C7E3692D2B8B23F800EABE27 /* GenresDecodable.swift in Sources */,
			);
			runOnlyForDeploymentPostprocessing = 0;
		};
		C7E617262B5D4B42007FEA2A /* Sources */ = {
			isa = PBXSourcesBuildPhase;
			buildActionMask = 2147483647;
			files = (
				C7E3694D2B94F06C00EABE27 /* NowPlayingMoviesMock.swift in Sources */,
				C7E369532B94F31600EABE27 /* UpcomingMoviesMock.swift in Sources */,
				C7E3694F2B94F2E900EABE27 /* PopularMoviesMock.swift in Sources */,
				C7E369582B9848E900EABE27 /* GenresMock.swift in Sources */,
				C7E369562B94F46C00EABE27 /* LatestMoviesMock.swift in Sources */,
				C7E369642B984C3500EABE27 /* HomeUseCaseSuccessMock.swift in Sources */,
				C7B725F02B9EED6900437C73 /* ImageRepositorySuccessMock.swift in Sources */,
				C7E6172F2B5D4B42007FEA2A /* MediaAppTests.swift in Sources */,
				C7E369612B984BD900EABE27 /* MoviesRepositorySuccessMock.swift in Sources */,
				C7E369512B94F30000EABE27 /* TopRatedMoviesMock.swift in Sources */,
				C7E369682B984DE700EABE27 /* HomeEntityMock.swift in Sources */,
				C7E3696B2B98CBDE00EABE27 /* GenresRepositorySuccessMock.swift in Sources */,
			);
			runOnlyForDeploymentPostprocessing = 0;
		};
		C7E617302B5D4B42007FEA2A /* Sources */ = {
			isa = PBXSourcesBuildPhase;
			buildActionMask = 2147483647;
			files = (
				C7E6173B2B5D4B42007FEA2A /* MediaAppUITestsLaunchTests.swift in Sources */,
				C7E617392B5D4B42007FEA2A /* MediaAppUITests.swift in Sources */,
			);
			runOnlyForDeploymentPostprocessing = 0;
		};
/* End PBXSourcesBuildPhase section */

/* Begin PBXTargetDependency section */
		C7E6172C2B5D4B42007FEA2A /* PBXTargetDependency */ = {
			isa = PBXTargetDependency;
			target = C7E617132B5D4B40007FEA2A /* MediaApp */;
			targetProxy = C7E6172B2B5D4B42007FEA2A /* PBXContainerItemProxy */;
		};
		C7E617362B5D4B42007FEA2A /* PBXTargetDependency */ = {
			isa = PBXTargetDependency;
			target = C7E617132B5D4B40007FEA2A /* MediaApp */;
			targetProxy = C7E617352B5D4B42007FEA2A /* PBXContainerItemProxy */;
		};
/* End PBXTargetDependency section */

/* Begin PBXVariantGroup section */
		C7E6171D2B5D4B40007FEA2A /* Main.storyboard */ = {
			isa = PBXVariantGroup;
			children = (
				C7E6171E2B5D4B40007FEA2A /* Base */,
			);
			name = Main.storyboard;
			sourceTree = "<group>";
		};
		C7E617222B5D4B41007FEA2A /* LaunchScreen.storyboard */ = {
			isa = PBXVariantGroup;
			children = (
				C7E617232B5D4B41007FEA2A /* Base */,
			);
			name = LaunchScreen.storyboard;
			sourceTree = "<group>";
		};
/* End PBXVariantGroup section */

/* Begin XCBuildConfiguration section */
		C7E6173C2B5D4B42007FEA2A /* Debug */ = {
			isa = XCBuildConfiguration;
			buildSettings = {
				ALWAYS_SEARCH_USER_PATHS = NO;
				ASSETCATALOG_COMPILER_GENERATE_SWIFT_ASSET_SYMBOL_EXTENSIONS = YES;
				CLANG_ANALYZER_NONNULL = YES;
				CLANG_ANALYZER_NUMBER_OBJECT_CONVERSION = YES_AGGRESSIVE;
				CLANG_CXX_LANGUAGE_STANDARD = "gnu++20";
				CLANG_ENABLE_MODULES = YES;
				CLANG_ENABLE_OBJC_ARC = YES;
				CLANG_ENABLE_OBJC_WEAK = YES;
				CLANG_WARN_BLOCK_CAPTURE_AUTORELEASING = YES;
				CLANG_WARN_BOOL_CONVERSION = YES;
				CLANG_WARN_COMMA = YES;
				CLANG_WARN_CONSTANT_CONVERSION = YES;
				CLANG_WARN_DEPRECATED_OBJC_IMPLEMENTATIONS = YES;
				CLANG_WARN_DIRECT_OBJC_ISA_USAGE = YES_ERROR;
				CLANG_WARN_DOCUMENTATION_COMMENTS = YES;
				CLANG_WARN_EMPTY_BODY = YES;
				CLANG_WARN_ENUM_CONVERSION = YES;
				CLANG_WARN_INFINITE_RECURSION = YES;
				CLANG_WARN_INT_CONVERSION = YES;
				CLANG_WARN_NON_LITERAL_NULL_CONVERSION = YES;
				CLANG_WARN_OBJC_IMPLICIT_RETAIN_SELF = YES;
				CLANG_WARN_OBJC_LITERAL_CONVERSION = YES;
				CLANG_WARN_OBJC_ROOT_CLASS = YES_ERROR;
				CLANG_WARN_QUOTED_INCLUDE_IN_FRAMEWORK_HEADER = YES;
				CLANG_WARN_RANGE_LOOP_ANALYSIS = YES;
				CLANG_WARN_STRICT_PROTOTYPES = YES;
				CLANG_WARN_SUSPICIOUS_MOVE = YES;
				CLANG_WARN_UNGUARDED_AVAILABILITY = YES_AGGRESSIVE;
				CLANG_WARN_UNREACHABLE_CODE = YES;
				CLANG_WARN__DUPLICATE_METHOD_MATCH = YES;
				COPY_PHASE_STRIP = NO;
				DEBUG_INFORMATION_FORMAT = dwarf;
				ENABLE_STRICT_OBJC_MSGSEND = YES;
				ENABLE_TESTABILITY = YES;
				ENABLE_USER_SCRIPT_SANDBOXING = YES;
				GCC_C_LANGUAGE_STANDARD = gnu17;
				GCC_DYNAMIC_NO_PIC = NO;
				GCC_NO_COMMON_BLOCKS = YES;
				GCC_OPTIMIZATION_LEVEL = 0;
				GCC_PREPROCESSOR_DEFINITIONS = (
					"DEBUG=1",
					"$(inherited)",
				);
				GCC_WARN_64_TO_32_BIT_CONVERSION = YES;
				GCC_WARN_ABOUT_RETURN_TYPE = YES_ERROR;
				GCC_WARN_UNDECLARED_SELECTOR = YES;
				GCC_WARN_UNINITIALIZED_AUTOS = YES_AGGRESSIVE;
				GCC_WARN_UNUSED_FUNCTION = YES;
				GCC_WARN_UNUSED_VARIABLE = YES;
				IPHONEOS_DEPLOYMENT_TARGET = 17.2;
				LOCALIZATION_PREFERS_STRING_CATALOGS = YES;
				MTL_ENABLE_DEBUG_INFO = INCLUDE_SOURCE;
				MTL_FAST_MATH = YES;
				ONLY_ACTIVE_ARCH = YES;
				SDKROOT = iphoneos;
				SWIFT_ACTIVE_COMPILATION_CONDITIONS = "DEBUG $(inherited)";
				SWIFT_OPTIMIZATION_LEVEL = "-Onone";
			};
			name = Debug;
		};
		C7E6173D2B5D4B42007FEA2A /* Release */ = {
			isa = XCBuildConfiguration;
			buildSettings = {
				ALWAYS_SEARCH_USER_PATHS = NO;
				ASSETCATALOG_COMPILER_GENERATE_SWIFT_ASSET_SYMBOL_EXTENSIONS = YES;
				CLANG_ANALYZER_NONNULL = YES;
				CLANG_ANALYZER_NUMBER_OBJECT_CONVERSION = YES_AGGRESSIVE;
				CLANG_CXX_LANGUAGE_STANDARD = "gnu++20";
				CLANG_ENABLE_MODULES = YES;
				CLANG_ENABLE_OBJC_ARC = YES;
				CLANG_ENABLE_OBJC_WEAK = YES;
				CLANG_WARN_BLOCK_CAPTURE_AUTORELEASING = YES;
				CLANG_WARN_BOOL_CONVERSION = YES;
				CLANG_WARN_COMMA = YES;
				CLANG_WARN_CONSTANT_CONVERSION = YES;
				CLANG_WARN_DEPRECATED_OBJC_IMPLEMENTATIONS = YES;
				CLANG_WARN_DIRECT_OBJC_ISA_USAGE = YES_ERROR;
				CLANG_WARN_DOCUMENTATION_COMMENTS = YES;
				CLANG_WARN_EMPTY_BODY = YES;
				CLANG_WARN_ENUM_CONVERSION = YES;
				CLANG_WARN_INFINITE_RECURSION = YES;
				CLANG_WARN_INT_CONVERSION = YES;
				CLANG_WARN_NON_LITERAL_NULL_CONVERSION = YES;
				CLANG_WARN_OBJC_IMPLICIT_RETAIN_SELF = YES;
				CLANG_WARN_OBJC_LITERAL_CONVERSION = YES;
				CLANG_WARN_OBJC_ROOT_CLASS = YES_ERROR;
				CLANG_WARN_QUOTED_INCLUDE_IN_FRAMEWORK_HEADER = YES;
				CLANG_WARN_RANGE_LOOP_ANALYSIS = YES;
				CLANG_WARN_STRICT_PROTOTYPES = YES;
				CLANG_WARN_SUSPICIOUS_MOVE = YES;
				CLANG_WARN_UNGUARDED_AVAILABILITY = YES_AGGRESSIVE;
				CLANG_WARN_UNREACHABLE_CODE = YES;
				CLANG_WARN__DUPLICATE_METHOD_MATCH = YES;
				COPY_PHASE_STRIP = NO;
				DEBUG_INFORMATION_FORMAT = "dwarf-with-dsym";
				ENABLE_NS_ASSERTIONS = NO;
				ENABLE_STRICT_OBJC_MSGSEND = YES;
				ENABLE_USER_SCRIPT_SANDBOXING = YES;
				GCC_C_LANGUAGE_STANDARD = gnu17;
				GCC_NO_COMMON_BLOCKS = YES;
				GCC_WARN_64_TO_32_BIT_CONVERSION = YES;
				GCC_WARN_ABOUT_RETURN_TYPE = YES_ERROR;
				GCC_WARN_UNDECLARED_SELECTOR = YES;
				GCC_WARN_UNINITIALIZED_AUTOS = YES_AGGRESSIVE;
				GCC_WARN_UNUSED_FUNCTION = YES;
				GCC_WARN_UNUSED_VARIABLE = YES;
				IPHONEOS_DEPLOYMENT_TARGET = 17.2;
				LOCALIZATION_PREFERS_STRING_CATALOGS = YES;
				MTL_ENABLE_DEBUG_INFO = NO;
				MTL_FAST_MATH = YES;
				SDKROOT = iphoneos;
				SWIFT_COMPILATION_MODE = wholemodule;
				VALIDATE_PRODUCT = YES;
			};
			name = Release;
		};
		C7E6173F2B5D4B42007FEA2A /* Debug */ = {
			isa = XCBuildConfiguration;
			buildSettings = {
				ASSETCATALOG_COMPILER_APPICON_NAME = AppIcon;
				ASSETCATALOG_COMPILER_GLOBAL_ACCENT_COLOR_NAME = AccentColor;
				CODE_SIGN_IDENTITY = "Apple Development";
				CODE_SIGN_STYLE = Automatic;
				CURRENT_PROJECT_VERSION = 1;
				DEVELOPMENT_TEAM = 9BF3QTHJ36;
				ENABLE_USER_SCRIPT_SANDBOXING = NO;
				GENERATE_INFOPLIST_FILE = YES;
				INFOPLIST_FILE = MediaApp/Info.plist;
				INFOPLIST_KEY_UIApplicationSupportsIndirectInputEvents = YES;
				INFOPLIST_KEY_UILaunchStoryboardName = LaunchScreen;
				INFOPLIST_KEY_UIMainStoryboardFile = Main;
				INFOPLIST_KEY_UISupportedInterfaceOrientations = "UIInterfaceOrientationLandscapeLeft UIInterfaceOrientationLandscapeRight UIInterfaceOrientationPortrait";
				INFOPLIST_KEY_UISupportedInterfaceOrientations_iPad = "UIInterfaceOrientationLandscapeLeft UIInterfaceOrientationLandscapeRight UIInterfaceOrientationPortrait UIInterfaceOrientationPortraitUpsideDown";
				LD_RUNPATH_SEARCH_PATHS = (
					"$(inherited)",
					"@executable_path/Frameworks",
				);
				MARKETING_VERSION = 1.0;
				PRODUCT_BUNDLE_IDENTIFIER = com.alin.MediaApp.MediaApp;
				PRODUCT_NAME = "$(TARGET_NAME)";
				PROVISIONING_PROFILE_SPECIFIER = "";
				SWIFT_EMIT_LOC_STRINGS = YES;
				SWIFT_VERSION = 5.0;
				TARGETED_DEVICE_FAMILY = "1,2";
			};
			name = Debug;
		};
		C7E617402B5D4B42007FEA2A /* Release */ = {
			isa = XCBuildConfiguration;
			buildSettings = {
				ASSETCATALOG_COMPILER_APPICON_NAME = AppIcon;
				ASSETCATALOG_COMPILER_GLOBAL_ACCENT_COLOR_NAME = AccentColor;
				CODE_SIGN_IDENTITY = "Apple Development";
				CODE_SIGN_STYLE = Automatic;
				CURRENT_PROJECT_VERSION = 1;
				DEVELOPMENT_TEAM = 9BF3QTHJ36;
				ENABLE_USER_SCRIPT_SANDBOXING = NO;
				GENERATE_INFOPLIST_FILE = YES;
				INFOPLIST_FILE = MediaApp/Info.plist;
				INFOPLIST_KEY_UIApplicationSupportsIndirectInputEvents = YES;
				INFOPLIST_KEY_UILaunchStoryboardName = LaunchScreen;
				INFOPLIST_KEY_UIMainStoryboardFile = Main;
				INFOPLIST_KEY_UISupportedInterfaceOrientations = "UIInterfaceOrientationLandscapeLeft UIInterfaceOrientationLandscapeRight UIInterfaceOrientationPortrait";
				INFOPLIST_KEY_UISupportedInterfaceOrientations_iPad = "UIInterfaceOrientationLandscapeLeft UIInterfaceOrientationLandscapeRight UIInterfaceOrientationPortrait UIInterfaceOrientationPortraitUpsideDown";
				LD_RUNPATH_SEARCH_PATHS = (
					"$(inherited)",
					"@executable_path/Frameworks",
				);
				MARKETING_VERSION = 1.0;
				PRODUCT_BUNDLE_IDENTIFIER = com.alin.MediaApp.MediaApp;
				PRODUCT_NAME = "$(TARGET_NAME)";
				PROVISIONING_PROFILE_SPECIFIER = "";
				SWIFT_EMIT_LOC_STRINGS = YES;
				SWIFT_VERSION = 5.0;
				TARGETED_DEVICE_FAMILY = "1,2";
			};
			name = Release;
		};
		C7E617422B5D4B42007FEA2A /* Debug */ = {
			isa = XCBuildConfiguration;
			buildSettings = {
				ALWAYS_EMBED_SWIFT_STANDARD_LIBRARIES = YES;
				BUNDLE_LOADER = "$(TEST_HOST)";
				CODE_SIGN_STYLE = Automatic;
				CURRENT_PROJECT_VERSION = 1;
				DEVELOPMENT_TEAM = 9BF3QTHJ36;
				GENERATE_INFOPLIST_FILE = YES;
				IPHONEOS_DEPLOYMENT_TARGET = 17.2;
				MARKETING_VERSION = 1.0;
				PRODUCT_BUNDLE_IDENTIFIER = com.alin.MediaApp.MediaAppTests;
				PRODUCT_NAME = "$(TARGET_NAME)";
				SWIFT_EMIT_LOC_STRINGS = NO;
				SWIFT_VERSION = 5.0;
				TARGETED_DEVICE_FAMILY = "1,2";
				TEST_HOST = "$(BUILT_PRODUCTS_DIR)/MediaApp.app/$(BUNDLE_EXECUTABLE_FOLDER_PATH)/MediaApp";
			};
			name = Debug;
		};
		C7E617432B5D4B42007FEA2A /* Release */ = {
			isa = XCBuildConfiguration;
			buildSettings = {
				ALWAYS_EMBED_SWIFT_STANDARD_LIBRARIES = YES;
				BUNDLE_LOADER = "$(TEST_HOST)";
				CODE_SIGN_STYLE = Automatic;
				CURRENT_PROJECT_VERSION = 1;
				DEVELOPMENT_TEAM = 9BF3QTHJ36;
				GENERATE_INFOPLIST_FILE = YES;
				IPHONEOS_DEPLOYMENT_TARGET = 17.2;
				MARKETING_VERSION = 1.0;
				PRODUCT_BUNDLE_IDENTIFIER = com.alin.MediaApp.MediaAppTests;
				PRODUCT_NAME = "$(TARGET_NAME)";
				SWIFT_EMIT_LOC_STRINGS = NO;
				SWIFT_VERSION = 5.0;
				TARGETED_DEVICE_FAMILY = "1,2";
				TEST_HOST = "$(BUILT_PRODUCTS_DIR)/MediaApp.app/$(BUNDLE_EXECUTABLE_FOLDER_PATH)/MediaApp";
			};
			name = Release;
		};
		C7E617452B5D4B42007FEA2A /* Debug */ = {
			isa = XCBuildConfiguration;
			buildSettings = {
				ALWAYS_EMBED_SWIFT_STANDARD_LIBRARIES = YES;
				CODE_SIGN_STYLE = Automatic;
				CURRENT_PROJECT_VERSION = 1;
				DEVELOPMENT_TEAM = 9BF3QTHJ36;
				GENERATE_INFOPLIST_FILE = YES;
				MARKETING_VERSION = 1.0;
				PRODUCT_BUNDLE_IDENTIFIER = com.alin.MediaApp.MediaAppUITests;
				PRODUCT_NAME = "$(TARGET_NAME)";
				SWIFT_EMIT_LOC_STRINGS = NO;
				SWIFT_VERSION = 5.0;
				TARGETED_DEVICE_FAMILY = "1,2";
				TEST_TARGET_NAME = MediaApp;
			};
			name = Debug;
		};
		C7E617462B5D4B42007FEA2A /* Release */ = {
			isa = XCBuildConfiguration;
			buildSettings = {
				ALWAYS_EMBED_SWIFT_STANDARD_LIBRARIES = YES;
				CODE_SIGN_STYLE = Automatic;
				CURRENT_PROJECT_VERSION = 1;
				DEVELOPMENT_TEAM = 9BF3QTHJ36;
				GENERATE_INFOPLIST_FILE = YES;
				MARKETING_VERSION = 1.0;
				PRODUCT_BUNDLE_IDENTIFIER = com.alin.MediaApp.MediaAppUITests;
				PRODUCT_NAME = "$(TARGET_NAME)";
				SWIFT_EMIT_LOC_STRINGS = NO;
				SWIFT_VERSION = 5.0;
				TARGETED_DEVICE_FAMILY = "1,2";
				TEST_TARGET_NAME = MediaApp;
			};
			name = Release;
		};
/* End XCBuildConfiguration section */

/* Begin XCConfigurationList section */
		C7E6170F2B5D4B40007FEA2A /* Build configuration list for PBXProject "MediaApp" */ = {
			isa = XCConfigurationList;
			buildConfigurations = (
				C7E6173C2B5D4B42007FEA2A /* Debug */,
				C7E6173D2B5D4B42007FEA2A /* Release */,
			);
			defaultConfigurationIsVisible = 0;
			defaultConfigurationName = Release;
		};
		C7E6173E2B5D4B42007FEA2A /* Build configuration list for PBXNativeTarget "MediaApp" */ = {
			isa = XCConfigurationList;
			buildConfigurations = (
				C7E6173F2B5D4B42007FEA2A /* Debug */,
				C7E617402B5D4B42007FEA2A /* Release */,
			);
			defaultConfigurationIsVisible = 0;
			defaultConfigurationName = Release;
		};
		C7E617412B5D4B42007FEA2A /* Build configuration list for PBXNativeTarget "MediaAppTests" */ = {
			isa = XCConfigurationList;
			buildConfigurations = (
				C7E617422B5D4B42007FEA2A /* Debug */,
				C7E617432B5D4B42007FEA2A /* Release */,
			);
			defaultConfigurationIsVisible = 0;
			defaultConfigurationName = Release;
		};
		C7E617442B5D4B42007FEA2A /* Build configuration list for PBXNativeTarget "MediaAppUITests" */ = {
			isa = XCConfigurationList;
			buildConfigurations = (
				C7E617452B5D4B42007FEA2A /* Debug */,
				C7E617462B5D4B42007FEA2A /* Release */,
			);
			defaultConfigurationIsVisible = 0;
			defaultConfigurationName = Release;
		};
/* End XCConfigurationList section */
	};
	rootObject = C7E6170C2B5D4B40007FEA2A /* Project object */;
}
